
Microsoft Visual Studio Solution File, Format Version 12.00
# Visual Studio Version 17
VisualStudioVersion = 17.2.32630.192
MinimumVisualStudioVersion = 10.0.40219.1
Project("{FAE04EC0-301F-11D3-BF4B-00C04F79EFBC}") = "SyncRoomChatTool", "SyncRoomChatTool.csproj", "{64E07926-D9A4-4D60-8D58-89C26A1D388D}"
EndProject
Global
	GlobalSection(SolutionConfigurationPlatforms) = preSolution
		Debug|Any CPU = Debug|Any CPU
		Debug|x64 = Debug|x64
		Release|Any CPU = Release|Any CPU
		Release|x64 = Release|x64
	EndGlobalSection
	GlobalSection(ProjectConfigurationPlatforms) = postSolution
		{64E07926-D9A4-4D60-8D58-89C26A1D388D}.Debug|Any CPU.ActiveCfg = Debug|Any CPU
		{64E07926-D9A4-4D60-8D58-89C26A1D388D}.Debug|Any CPU.Build.0 = Debug|Any CPU
		{64E07926-D9A4-4D60-8D58-89C26A1D388D}.Debug|x64.ActiveCfg = Debug|Any CPU
		{64E07926-D9A4-4D60-8D58-89C26A1D388D}.Release|Any CPU.ActiveCfg = Release|Any CPU
		{64E07926-D9A4-4D60-8D58-89C26A1D388D}.Release|Any CPU.Build.0 = Release|Any CPU
		{64E07926-D9A4-4D60-8D58-89C26A1D388D}.Release|x64.ActiveCfg = Release|Any CPU
	EndGlobalSection
	GlobalSection(SolutionProperties) = preSolution
		HideSolutionNode = FALSE
	EndGlobalSection
	GlobalSection(ExtensibilityGlobals) = postSolution
		SolutionGuid = {C41F2790-E786-4B88-AD3A-24CCA320101B}
	EndGlobalSection
EndGlobal
